
Microsoft Visual Studio Solution File, Format Version 12.00
# Visual Studio Version 17
VisualStudioVersion = 17.5.33627.172
MinimumVisualStudioVersion = 10.0.40219.1
Project("{2150E333-8FDC-42A3-9474-1A3956D46DE8}") = "tests", "tests", "{3737D82A-86E9-4D03-81D3-030E2F9BF006}"
EndProject
Project("{2150E333-8FDC-42A3-9474-1A3956D46DE8}") = "demos", "demos", "{B0C13DE7-38D5-4551-B852-71C2DAA1A348}"
EndProject
Project("{9A19103F-16F7-4668-BE54-9A1E7A4F7556}") = "yolov8", "demos\yolov8\yolov8.csproj", "{71B89B1F-8F03-41D1-9869-FE7CAD8AC750}"
EndProject
Project("{2150E333-8FDC-42A3-9474-1A3956D46DE8}") = "src", "src", "{DCFCA0E4-2267-42D0-894E-88DCE18927E8}"
EndProject
Project("{2150E333-8FDC-42A3-9474-1A3956D46DE8}") = "tutorial_examples", "tutorial_examples", "{9FE4DAB4-B697-4D9C-9D5A-A96985950C31}"
EndProject
Project("{9A19103F-16F7-4668-BE54-9A1E7A4F7556}") = "AlxBoard_deploy_yolov8", "tutorial_examples\AlxBoard_deploy_yolov8\AlxBoard_deploy_yolov8.csproj", "{CE8198D1-5CE4-405A-92D6-2F0B44F527E5}"
EndProject
Project("{2150E333-8FDC-42A3-9474-1A3956D46DE8}") = "project", "project", "{662EFFE7-5E28-4D7C-BE5A-05080FE0ECA5}"
	ProjectSection(SolutionItems) = preProject
		README.md = README.md
		README_cn.md = README_cn.md
	EndProjectSection
EndProject
Project("{9A19103F-16F7-4668-BE54-9A1E7A4F7556}") = "test_csharp_api", "tests\test_csharp_api\test_csharp_api.csproj", "{AC0AD3DF-ADBC-4917-A30F-B1D95B79D4B5}"
EndProject
Project("{9A19103F-16F7-4668-BE54-9A1E7A4F7556}") = "CSharpAPI", "src\CSharpAPI\CSharpAPI.csproj", "{E7805C46-40CE-4402-B480-421BA8823A12}"
EndProject
Project("{9A19103F-16F7-4668-BE54-9A1E7A4F7556}") = "PP-Human_Fall_Detection", "tutorial_examples\PP-Human_Fall_Detection\PP-Human_Fall_Detection.csproj", "{7CA4EB58-4CD1-42A3-B7A1-7EA37DB79103}"
EndProject
Project("{9A19103F-16F7-4668-BE54-9A1E7A4F7556}") = "CSharpAPI.Extensions.EmguCV", "src\CSharpAPI.Extensions.EmguCV\CSharpAPI.Extensions.EmguCV.csproj", "{90F19AB6-DA61-4600-9978-214A88712D47}"
EndProject
Project("{9A19103F-16F7-4668-BE54-9A1E7A4F7556}") = "CSharp.API.Extensions.OpenCvSharp", "src\CSharp.API.Extensions.OpenCvSharp\CSharp.API.Extensions.OpenCvSharp.csproj", "{FDCB1771-00EA-4AF1-A1A3-1FF59018CA1F}"
EndProject
Project("{9A19103F-16F7-4668-BE54-9A1E7A4F7556}") = "csharp_api_unit_tests", "tests\csharp_api_unit_tests\csharp_api_unit_tests.csproj", "{058BB22D-E39E-464B-84BF-C9EF47105932}"
EndProject
Project("{9A19103F-16F7-4668-BE54-9A1E7A4F7556}") = "csharp_api_extensions_emgucv_unit_tests", "tests\csharp_api_extensions_emgucv_unit_tests\csharp_api_extensions_emgucv_unit_tests.csproj", "{F477AB61-1825-4427-B28A-D27C0A99301D}"
EndProject
Project("{9A19103F-16F7-4668-BE54-9A1E7A4F7556}") = "csharp_api_extensions_opencvsharp_unit_tests", "tests\csharp_api_extensions_opencvsharp_unit_tests\csharp_api_extensions_opencvsharp_unit_tests.csproj", "{1CA14C6F-881A-4201-A340-2B05514D4E8A}"
EndProject
Project("{9A19103F-16F7-4668-BE54-9A1E7A4F7556}") = "CSharpAPI.Extensions", "src\CSharpAPI.Extensions\CSharpAPI.Extensions.csproj", "{F3CEDDC3-7350-4CF0-B9B4-3EEC1D751185}"
EndProject
Project("{9A19103F-16F7-4668-BE54-9A1E7A4F7556}") = "csharp_api_extensions_unit_tests", "tests\csharp_api_extensions_unit_tests\csharp_api_extensions_unit_tests.csproj", "{E9FFCCBE-9BAE-468A-BA24-0240D86EBE5C}"
EndProject
Global
	GlobalSection(SolutionConfigurationPlatforms) = preSolution
		Debug|Any CPU = Debug|Any CPU
		Debug|x64 = Debug|x64
		Release|Any CPU = Release|Any CPU
		Release|x64 = Release|x64
	EndGlobalSection
	GlobalSection(ProjectConfigurationPlatforms) = postSolution
		{71B89B1F-8F03-41D1-9869-FE7CAD8AC750}.Debug|Any CPU.ActiveCfg = Debug|Any CPU
		{71B89B1F-8F03-41D1-9869-FE7CAD8AC750}.Debug|Any CPU.Build.0 = Debug|Any CPU
		{71B89B1F-8F03-41D1-9869-FE7CAD8AC750}.Debug|x64.ActiveCfg = Debug|Any CPU
		{71B89B1F-8F03-41D1-9869-FE7CAD8AC750}.Debug|x64.Build.0 = Debug|Any CPU
		{71B89B1F-8F03-41D1-9869-FE7CAD8AC750}.Release|Any CPU.ActiveCfg = Release|Any CPU
		{71B89B1F-8F03-41D1-9869-FE7CAD8AC750}.Release|Any CPU.Build.0 = Release|Any CPU
		{71B89B1F-8F03-41D1-9869-FE7CAD8AC750}.Release|x64.ActiveCfg = Release|Any CPU
		{71B89B1F-8F03-41D1-9869-FE7CAD8AC750}.Release|x64.Build.0 = Release|Any CPU
		{CE8198D1-5CE4-405A-92D6-2F0B44F527E5}.Debug|Any CPU.ActiveCfg = Debug|Any CPU
		{CE8198D1-5CE4-405A-92D6-2F0B44F527E5}.Debug|Any CPU.Build.0 = Debug|Any CPU
		{CE8198D1-5CE4-405A-92D6-2F0B44F527E5}.Debug|x64.ActiveCfg = Debug|Any CPU
		{CE8198D1-5CE4-405A-92D6-2F0B44F527E5}.Debug|x64.Build.0 = Debug|Any CPU
		{CE8198D1-5CE4-405A-92D6-2F0B44F527E5}.Release|Any CPU.ActiveCfg = Release|Any CPU
		{CE8198D1-5CE4-405A-92D6-2F0B44F527E5}.Release|Any CPU.Build.0 = Release|Any CPU
		{CE8198D1-5CE4-405A-92D6-2F0B44F527E5}.Release|x64.ActiveCfg = Release|Any CPU
		{CE8198D1-5CE4-405A-92D6-2F0B44F527E5}.Release|x64.Build.0 = Release|Any CPU
		{AC0AD3DF-ADBC-4917-A30F-B1D95B79D4B5}.Debug|Any CPU.ActiveCfg = Debug|Any CPU
		{AC0AD3DF-ADBC-4917-A30F-B1D95B79D4B5}.Debug|Any CPU.Build.0 = Debug|Any CPU
		{AC0AD3DF-ADBC-4917-A30F-B1D95B79D4B5}.Debug|x64.ActiveCfg = Debug|Any CPU
		{AC0AD3DF-ADBC-4917-A30F-B1D95B79D4B5}.Debug|x64.Build.0 = Debug|Any CPU
		{AC0AD3DF-ADBC-4917-A30F-B1D95B79D4B5}.Release|Any CPU.ActiveCfg = Release|Any CPU
		{AC0AD3DF-ADBC-4917-A30F-B1D95B79D4B5}.Release|Any CPU.Build.0 = Release|Any CPU
		{AC0AD3DF-ADBC-4917-A30F-B1D95B79D4B5}.Release|x64.ActiveCfg = Release|Any CPU
		{AC0AD3DF-ADBC-4917-A30F-B1D95B79D4B5}.Release|x64.Build.0 = Release|Any CPU
		{E7805C46-40CE-4402-B480-421BA8823A12}.Debug|Any CPU.ActiveCfg = Debug|Any CPU
		{E7805C46-40CE-4402-B480-421BA8823A12}.Debug|Any CPU.Build.0 = Debug|Any CPU
		{E7805C46-40CE-4402-B480-421BA8823A12}.Debug|x64.ActiveCfg = Debug|Any CPU
		{E7805C46-40CE-4402-B480-421BA8823A12}.Debug|x64.Build.0 = Debug|Any CPU
		{E7805C46-40CE-4402-B480-421BA8823A12}.Release|Any CPU.ActiveCfg = Release|Any CPU
		{E7805C46-40CE-4402-B480-421BA8823A12}.Release|Any CPU.Build.0 = Release|Any CPU
		{E7805C46-40CE-4402-B480-421BA8823A12}.Release|x64.ActiveCfg = Release|Any CPU
		{E7805C46-40CE-4402-B480-421BA8823A12}.Release|x64.Build.0 = Release|Any CPU
		{7CA4EB58-4CD1-42A3-B7A1-7EA37DB79103}.Debug|Any CPU.ActiveCfg = Debug|Any CPU
		{7CA4EB58-4CD1-42A3-B7A1-7EA37DB79103}.Debug|Any CPU.Build.0 = Debug|Any CPU
		{7CA4EB58-4CD1-42A3-B7A1-7EA37DB79103}.Debug|x64.ActiveCfg = Debug|Any CPU
		{7CA4EB58-4CD1-42A3-B7A1-7EA37DB79103}.Debug|x64.Build.0 = Debug|Any CPU
		{7CA4EB58-4CD1-42A3-B7A1-7EA37DB79103}.Release|Any CPU.ActiveCfg = Release|Any CPU
		{7CA4EB58-4CD1-42A3-B7A1-7EA37DB79103}.Release|Any CPU.Build.0 = Release|Any CPU
		{7CA4EB58-4CD1-42A3-B7A1-7EA37DB79103}.Release|x64.ActiveCfg = Release|Any CPU
		{7CA4EB58-4CD1-42A3-B7A1-7EA37DB79103}.Release|x64.Build.0 = Release|Any CPU
		{90F19AB6-DA61-4600-9978-214A88712D47}.Debug|Any CPU.ActiveCfg = Debug|Any CPU
		{90F19AB6-DA61-4600-9978-214A88712D47}.Debug|Any CPU.Build.0 = Debug|Any CPU
		{90F19AB6-DA61-4600-9978-214A88712D47}.Debug|x64.ActiveCfg = Debug|Any CPU
		{90F19AB6-DA61-4600-9978-214A88712D47}.Debug|x64.Build.0 = Debug|Any CPU
		{90F19AB6-DA61-4600-9978-214A88712D47}.Release|Any CPU.ActiveCfg = Release|Any CPU
		{90F19AB6-DA61-4600-9978-214A88712D47}.Release|Any CPU.Build.0 = Release|Any CPU
		{90F19AB6-DA61-4600-9978-214A88712D47}.Release|x64.ActiveCfg = Release|Any CPU
		{90F19AB6-DA61-4600-9978-214A88712D47}.Release|x64.Build.0 = Release|Any CPU
		{FDCB1771-00EA-4AF1-A1A3-1FF59018CA1F}.Debug|Any CPU.ActiveCfg = Debug|Any CPU
		{FDCB1771-00EA-4AF1-A1A3-1FF59018CA1F}.Debug|Any CPU.Build.0 = Debug|Any CPU
		{FDCB1771-00EA-4AF1-A1A3-1FF59018CA1F}.Debug|x64.ActiveCfg = Debug|Any CPU
		{FDCB1771-00EA-4AF1-A1A3-1FF59018CA1F}.Debug|x64.Build.0 = Debug|Any CPU
		{FDCB1771-00EA-4AF1-A1A3-1FF59018CA1F}.Release|Any CPU.ActiveCfg = Release|Any CPU
		{FDCB1771-00EA-4AF1-A1A3-1FF59018CA1F}.Release|Any CPU.Build.0 = Release|Any CPU
		{FDCB1771-00EA-4AF1-A1A3-1FF59018CA1F}.Release|x64.ActiveCfg = Release|Any CPU
		{FDCB1771-00EA-4AF1-A1A3-1FF59018CA1F}.Release|x64.Build.0 = Release|Any CPU
		{058BB22D-E39E-464B-84BF-C9EF47105932}.Debug|Any CPU.ActiveCfg = Debug|Any CPU
		{058BB22D-E39E-464B-84BF-C9EF47105932}.Debug|Any CPU.Build.0 = Debug|Any CPU
		{058BB22D-E39E-464B-84BF-C9EF47105932}.Debug|x64.ActiveCfg = Debug|Any CPU
		{058BB22D-E39E-464B-84BF-C9EF47105932}.Debug|x64.Build.0 = Debug|Any CPU
		{058BB22D-E39E-464B-84BF-C9EF47105932}.Release|Any CPU.ActiveCfg = Release|Any CPU
		{058BB22D-E39E-464B-84BF-C9EF47105932}.Release|Any CPU.Build.0 = Release|Any CPU
		{058BB22D-E39E-464B-84BF-C9EF47105932}.Release|x64.ActiveCfg = Release|Any CPU
		{058BB22D-E39E-464B-84BF-C9EF47105932}.Release|x64.Build.0 = Release|Any CPU
		{F477AB61-1825-4427-B28A-D27C0A99301D}.Debug|Any CPU.ActiveCfg = Debug|Any CPU
		{F477AB61-1825-4427-B28A-D27C0A99301D}.Debug|Any CPU.Build.0 = Debug|Any CPU
		{F477AB61-1825-4427-B28A-D27C0A99301D}.Debug|x64.ActiveCfg = Debug|Any CPU
		{F477AB61-1825-4427-B28A-D27C0A99301D}.Debug|x64.Build.0 = Debug|Any CPU
		{F477AB61-1825-4427-B28A-D27C0A99301D}.Release|Any CPU.ActiveCfg = Release|Any CPU
		{F477AB61-1825-4427-B28A-D27C0A99301D}.Release|Any CPU.Build.0 = Release|Any CPU
		{F477AB61-1825-4427-B28A-D27C0A99301D}.Release|x64.ActiveCfg = Release|Any CPU
		{F477AB61-1825-4427-B28A-D27C0A99301D}.Release|x64.Build.0 = Release|Any CPU
		{1CA14C6F-881A-4201-A340-2B05514D4E8A}.Debug|Any CPU.ActiveCfg = Debug|Any CPU
		{1CA14C6F-881A-4201-A340-2B05514D4E8A}.Debug|Any CPU.Build.0 = Debug|Any CPU
		{1CA14C6F-881A-4201-A340-2B05514D4E8A}.Debug|x64.ActiveCfg = Debug|Any CPU
		{1CA14C6F-881A-4201-A340-2B05514D4E8A}.Debug|x64.Build.0 = Debug|Any CPU
		{1CA14C6F-881A-4201-A340-2B05514D4E8A}.Release|Any CPU.ActiveCfg = Release|Any CPU
		{1CA14C6F-881A-4201-A340-2B05514D4E8A}.Release|Any CPU.Build.0 = Release|Any CPU
		{1CA14C6F-881A-4201-A340-2B05514D4E8A}.Release|x64.ActiveCfg = Release|Any CPU
		{1CA14C6F-881A-4201-A340-2B05514D4E8A}.Release|x64.Build.0 = Release|Any CPU
		{F3CEDDC3-7350-4CF0-B9B4-3EEC1D751185}.Debug|Any CPU.ActiveCfg = Debug|Any CPU
		{F3CEDDC3-7350-4CF0-B9B4-3EEC1D751185}.Debug|Any CPU.Build.0 = Debug|Any CPU
		{F3CEDDC3-7350-4CF0-B9B4-3EEC1D751185}.Debug|x64.ActiveCfg = Debug|Any CPU
		{F3CEDDC3-7350-4CF0-B9B4-3EEC1D751185}.Debug|x64.Build.0 = Debug|Any CPU
		{F3CEDDC3-7350-4CF0-B9B4-3EEC1D751185}.Release|Any CPU.ActiveCfg = Release|Any CPU
		{F3CEDDC3-7350-4CF0-B9B4-3EEC1D751185}.Release|Any CPU.Build.0 = Release|Any CPU
		{F3CEDDC3-7350-4CF0-B9B4-3EEC1D751185}.Release|x64.ActiveCfg = Release|Any CPU
		{F3CEDDC3-7350-4CF0-B9B4-3EEC1D751185}.Release|x64.Build.0 = Release|Any CPU
		{E9FFCCBE-9BAE-468A-BA24-0240D86EBE5C}.Debug|Any CPU.ActiveCfg = Debug|Any CPU
		{E9FFCCBE-9BAE-468A-BA24-0240D86EBE5C}.Debug|Any CPU.Build.0 = Debug|Any CPU
		{E9FFCCBE-9BAE-468A-BA24-0240D86EBE5C}.Debug|x64.ActiveCfg = Debug|Any CPU
		{E9FFCCBE-9BAE-468A-BA24-0240D86EBE5C}.Debug|x64.Build.0 = Debug|Any CPU
		{E9FFCCBE-9BAE-468A-BA24-0240D86EBE5C}.Release|Any CPU.ActiveCfg = Release|Any CPU
		{E9FFCCBE-9BAE-468A-BA24-0240D86EBE5C}.Release|Any CPU.Build.0 = Release|Any CPU
		{E9FFCCBE-9BAE-468A-BA24-0240D86EBE5C}.Release|x64.ActiveCfg = Release|Any CPU
		{E9FFCCBE-9BAE-468A-BA24-0240D86EBE5C}.Release|x64.Build.0 = Release|Any CPU
	EndGlobalSection
	GlobalSection(SolutionProperties) = preSolution
		HideSolutionNode = FALSE
	EndGlobalSection
	GlobalSection(NestedProjects) = preSolution
		{71B89B1F-8F03-41D1-9869-FE7CAD8AC750} = {B0C13DE7-38D5-4551-B852-71C2DAA1A348}
		{CE8198D1-5CE4-405A-92D6-2F0B44F527E5} = {9FE4DAB4-B697-4D9C-9D5A-A96985950C31}
		{AC0AD3DF-ADBC-4917-A30F-B1D95B79D4B5} = {3737D82A-86E9-4D03-81D3-030E2F9BF006}
		{E7805C46-40CE-4402-B480-421BA8823A12} = {DCFCA0E4-2267-42D0-894E-88DCE18927E8}
		{7CA4EB58-4CD1-42A3-B7A1-7EA37DB79103} = {9FE4DAB4-B697-4D9C-9D5A-A96985950C31}
		{90F19AB6-DA61-4600-9978-214A88712D47} = {DCFCA0E4-2267-42D0-894E-88DCE18927E8}
		{FDCB1771-00EA-4AF1-A1A3-1FF59018CA1F} = {DCFCA0E4-2267-42D0-894E-88DCE18927E8}
		{058BB22D-E39E-464B-84BF-C9EF47105932} = {3737D82A-86E9-4D03-81D3-030E2F9BF006}
		{F477AB61-1825-4427-B28A-D27C0A99301D} = {3737D82A-86E9-4D03-81D3-030E2F9BF006}
		{1CA14C6F-881A-4201-A340-2B05514D4E8A} = {3737D82A-86E9-4D03-81D3-030E2F9BF006}
		{F3CEDDC3-7350-4CF0-B9B4-3EEC1D751185} = {DCFCA0E4-2267-42D0-894E-88DCE18927E8}
		{E9FFCCBE-9BAE-468A-BA24-0240D86EBE5C} = {3737D82A-86E9-4D03-81D3-030E2F9BF006}
	EndGlobalSection
	GlobalSection(ExtensibilityGlobals) = postSolution
		SolutionGuid = {26D31CCE-2B57-4891-8ECC-5031281210D9}
	EndGlobalSection
EndGlobal
