Microsoft Visual Studio Solution File, Format Version 12.00
# Visual Studio Version 18
VisualStudioVersion = 18.3.11505.172
MinimumVisualStudioVersion = 10.0.40219.1
Project("{2150E333-8FDC-42A3-9474-1A3956D46DE8}") = "src", "src", "{83AEB31C-DFE0-4175-A76D-2B5135170D8F}"
EndProject
Project("{2150E333-8FDC-42A3-9474-1A3956D46DE8}") = "test", "test", "{B037FBFA-962B-44B3-8B9F-2C9030CBBA9A}"
EndProject
Project("{FAE04EC0-301F-11D3-BF4B-00C04F79EFBC}") = "OpenVINO.CSharp.API", "src\OpenVINO.CSharp.API\OpenVINO.CSharp.API.csproj", "{DFE034B3-FD0D-9369-B403-2FE3715BA7BE}"
EndProject
Project("{FAE04EC0-301F-11D3-BF4B-00C04F79EFBC}") = "OpenVINO.CSharp.API.Tests", "tests\OpenVINO.CSharp.API.Tests\OpenVINO.CSharp.API.Tests.csproj", "{10C03195-A085-1309-C2D0-CB2A45ED5DEC}"
EndProject
Project("{2150E333-8FDC-42A3-9474-1A3956D46DE8}") = "samples", "samples", "{A603E266-B1DA-4AB0-BE33-A5B07E3137B8}"
EndProject
Project("{FAE04EC0-301F-11D3-BF4B-00C04F79EFBC}") = "Yolo26Det-net10.0", "samples\Yolo26Det-net10.0\Yolo26Det-net10.0.csproj", "{7A397269-617D-496B-9BB7-F65E2434E0F3}"
EndProject
Project("{FAE04EC0-301F-11D3-BF4B-00C04F79EFBC}") = "Yolo26Det-net4.8", "samples\Yolo26Det-net4.8\Yolo26Det-net4.8.csproj", "{71626F23-F69E-4EAF-860F-2E7B74842190}"
EndProject
Project("{9A19103F-16F7-4668-BE54-9A1E7A4F7556}") = "Yolo26Det-netcoreapp3.1", "samples\Yolo26Det-netcoreapp3.1\Yolo26Det-netcoreapp3.1.csproj", "{B2C4D6E8-0A2C-4D6E-8F0A-2B4D6E8F0A2B}"
EndProject
Project("{FAE04EC0-301F-11D3-BF4B-00C04F79EFBC}") = "Yolo26Det-net4.6", "samples\Yolo26Det-net4.6\Yolo26Det-net4.6.csproj", "{66A0D2F5-0981-4659-A4E3-2669FE26AD34}"
EndProject
Global
	GlobalSection(SolutionConfigurationPlatforms) = preSolution
		Debug|Any CPU = Debug|Any CPU
		Release|Any CPU = Release|Any CPU
	EndGlobalSection
	GlobalSection(ProjectConfigurationPlatforms) = postSolution
		{DFE034B3-FD0D-9369-B403-2FE3715BA7BE}.Debug|Any CPU.ActiveCfg = Debug|Any CPU
		{DFE034B3-FD0D-9369-B403-2FE3715BA7BE}.Debug|Any CPU.Build.0 = Debug|Any CPU
		{DFE034B3-FD0D-9369-B403-2FE3715BA7BE}.Release|Any CPU.ActiveCfg = Release|Any CPU
		{DFE034B3-FD0D-9369-B403-2FE3715BA7BE}.Release|Any CPU.Build.0 = Release|Any CPU
		{10C03195-A085-1309-C2D0-CB2A45ED5DEC}.Debug|Any CPU.ActiveCfg = Debug|Any CPU
		{10C03195-A085-1309-C2D0-CB2A45ED5DEC}.Debug|Any CPU.Build.0 = Debug|Any CPU
		{10C03195-A085-1309-C2D0-CB2A45ED5DEC}.Release|Any CPU.ActiveCfg = Release|Any CPU
		{10C03195-A085-1309-C2D0-CB2A45ED5DEC}.Release|Any CPU.Build.0 = Release|Any CPU
		{7A397269-617D-496B-9BB7-F65E2434E0F3}.Debug|Any CPU.ActiveCfg = Debug|Any CPU
		{7A397269-617D-496B-9BB7-F65E2434E0F3}.Debug|Any CPU.Build.0 = Debug|Any CPU
		{7A397269-617D-496B-9BB7-F65E2434E0F3}.Release|Any CPU.ActiveCfg = Release|Any CPU
		{7A397269-617D-496B-9BB7-F65E2434E0F3}.Release|Any CPU.Build.0 = Release|Any CPU
		{71626F23-F69E-4EAF-860F-2E7B74842190}.Debug|Any CPU.ActiveCfg = Debug|Any CPU
		{71626F23-F69E-4EAF-860F-2E7B74842190}.Debug|Any CPU.Build.0 = Debug|Any CPU
		{71626F23-F69E-4EAF-860F-2E7B74842190}.Release|Any CPU.ActiveCfg = Release|Any CPU
		{71626F23-F69E-4EAF-860F-2E7B74842190}.Release|Any CPU.Build.0 = Release|Any CPU
		{B2C4D6E8-0A2C-4D6E-8F0A-2B4D6E8F0A2B}.Debug|Any CPU.ActiveCfg = Debug|Any CPU
		{B2C4D6E8-0A2C-4D6E-8F0A-2B4D6E8F0A2B}.Debug|Any CPU.Build.0 = Debug|Any CPU
		{B2C4D6E8-0A2C-4D6E-8F0A-2B4D6E8F0A2B}.Release|Any CPU.ActiveCfg = Release|Any CPU
		{B2C4D6E8-0A2C-4D6E-8F0A-2B4D6E8F0A2B}.Release|Any CPU.Build.0 = Release|Any CPU
		{66A0D2F5-0981-4659-A4E3-2669FE26AD34}.Debug|Any CPU.ActiveCfg = Debug|Any CPU
		{66A0D2F5-0981-4659-A4E3-2669FE26AD34}.Debug|Any CPU.Build.0 = Debug|Any CPU
		{66A0D2F5-0981-4659-A4E3-2669FE26AD34}.Release|Any CPU.ActiveCfg = Release|Any CPU
		{66A0D2F5-0981-4659-A4E3-2669FE26AD34}.Release|Any CPU.Build.0 = Release|Any CPU
	EndGlobalSection
	GlobalSection(SolutionProperties) = preSolution
		HideSolutionNode = FALSE
	EndGlobalSection
	GlobalSection(NestedProjects) = preSolution
		{DFE034B3-FD0D-9369-B403-2FE3715BA7BE} = {83AEB31C-DFE0-4175-A76D-2B5135170D8F}
		{10C03195-A085-1309-C2D0-CB2A45ED5DEC} = {B037FBFA-962B-44B3-8B9F-2C9030CBBA9A}
		{7A397269-617D-496B-9BB7-F65E2434E0F3} = {A603E266-B1DA-4AB0-BE33-A5B07E3137B8}
		{71626F23-F69E-4EAF-860F-2E7B74842190} = {A603E266-B1DA-4AB0-BE33-A5B07E3137B8}
		{B2C4D6E8-0A2C-4D6E-8F0A-2B4D6E8F0A2B} = {A603E266-B1DA-4AB0-BE33-A5B07E3137B8}
		{66A0D2F5-0981-4659-A4E3-2669FE26AD34} = {A603E266-B1DA-4AB0-BE33-A5B07E3137B8}
	EndGlobalSection
	GlobalSection(ExtensibilityGlobals) = postSolution
		SolutionGuid = {17497793-127C-4443-9035-FB5BF6F7FB0A}
	EndGlobalSection
EndGlobal
