
Microsoft Visual Studio Solution File, Format Version 12.00
# Visual Studio Version 17
VisualStudioVersion = 17.2.32602.215
MinimumVisualStudioVersion = 10.0.40219.1
Project("{2150E333-8FDC-42A3-9474-1A3956D46DE8}") = "src", "src", "{C718B568-AF90-429D-AEC3-9D5F030CD397}"
EndProject
Project("{8BC9CEB8-8B4A-11D0-8D11-00A0C91BC942}") = "OpenVinoSharpExtern", "src\OpenVinoSharpExtern\OpenVinoSharpExtern.vcxproj", "{91B23430-E92C-4863-A367-9CB43D439343}"
EndProject
Project("{9A19103F-16F7-4668-BE54-9A1E7A4F7556}") = "OpenVinoSharp", "src\OpenVinoSharp\OpenVinoSharp.csproj", "{0728E52C-6031-42DF-A826-A73ECF94104F}"
EndProject
Project("{2150E333-8FDC-42A3-9474-1A3956D46DE8}") = "demo", "demo", "{9F124BF1-941C-4EC7-BF32-DEC7D01CB660}"
EndProject
Project("{2150E333-8FDC-42A3-9474-1A3956D46DE8}") = "nuget", "nuget", "{F356A12B-B90D-4855-81FE-8AF44295B452}"
EndProject
Project("{9A19103F-16F7-4668-BE54-9A1E7A4F7556}") = "OpenVinoSharp.NET6.0", "nuget\OpenVinoSharp.NET6.0\OpenVinoSharp.NET6.0.csproj", "{C84B44ED-F4D8-4D93-9921-3ACFB4F8A415}"
EndProject
Project("{9A19103F-16F7-4668-BE54-9A1E7A4F7556}") = "yolov5", "demo\yolov5\yolov5.csproj", "{3EBF6236-285C-42D2-9559-1EBAF28C186D}"
EndProject
Project("{9A19103F-16F7-4668-BE54-9A1E7A4F7556}") = "yolov8", "demo\yolov8\yolov8.csproj", "{CDCF3740-DB4B-4ACE-9C9B-54A868060CFF}"
EndProject
Global
	GlobalSection(SolutionConfigurationPlatforms) = preSolution
		Debug|Any CPU = Debug|Any CPU
		Debug|x64 = Debug|x64
		Debug|x86 = Debug|x86
		Release|Any CPU = Release|Any CPU
		Release|x64 = Release|x64
		Release|x86 = Release|x86
	EndGlobalSection
	GlobalSection(ProjectConfigurationPlatforms) = postSolution
		{91B23430-E92C-4863-A367-9CB43D439343}.Debug|Any CPU.ActiveCfg = Debug|x64
		{91B23430-E92C-4863-A367-9CB43D439343}.Debug|Any CPU.Build.0 = Debug|x64
		{91B23430-E92C-4863-A367-9CB43D439343}.Debug|x64.ActiveCfg = Debug|x64
		{91B23430-E92C-4863-A367-9CB43D439343}.Debug|x64.Build.0 = Debug|x64
		{91B23430-E92C-4863-A367-9CB43D439343}.Debug|x86.ActiveCfg = Debug|Win32
		{91B23430-E92C-4863-A367-9CB43D439343}.Debug|x86.Build.0 = Debug|Win32
		{91B23430-E92C-4863-A367-9CB43D439343}.Release|Any CPU.ActiveCfg = Release|x64
		{91B23430-E92C-4863-A367-9CB43D439343}.Release|Any CPU.Build.0 = Release|x64
		{91B23430-E92C-4863-A367-9CB43D439343}.Release|x64.ActiveCfg = Release|x64
		{91B23430-E92C-4863-A367-9CB43D439343}.Release|x64.Build.0 = Release|x64
		{91B23430-E92C-4863-A367-9CB43D439343}.Release|x86.ActiveCfg = Release|Win32
		{91B23430-E92C-4863-A367-9CB43D439343}.Release|x86.Build.0 = Release|Win32
		{0728E52C-6031-42DF-A826-A73ECF94104F}.Debug|Any CPU.ActiveCfg = Debug|Any CPU
		{0728E52C-6031-42DF-A826-A73ECF94104F}.Debug|Any CPU.Build.0 = Debug|Any CPU
		{0728E52C-6031-42DF-A826-A73ECF94104F}.Debug|x64.ActiveCfg = Debug|Any CPU
		{0728E52C-6031-42DF-A826-A73ECF94104F}.Debug|x64.Build.0 = Debug|Any CPU
		{0728E52C-6031-42DF-A826-A73ECF94104F}.Debug|x86.ActiveCfg = Debug|Any CPU
		{0728E52C-6031-42DF-A826-A73ECF94104F}.Debug|x86.Build.0 = Debug|Any CPU
		{0728E52C-6031-42DF-A826-A73ECF94104F}.Release|Any CPU.ActiveCfg = Release|Any CPU
		{0728E52C-6031-42DF-A826-A73ECF94104F}.Release|Any CPU.Build.0 = Release|Any CPU
		{0728E52C-6031-42DF-A826-A73ECF94104F}.Release|x64.ActiveCfg = Release|Any CPU
		{0728E52C-6031-42DF-A826-A73ECF94104F}.Release|x64.Build.0 = Release|Any CPU
		{0728E52C-6031-42DF-A826-A73ECF94104F}.Release|x86.ActiveCfg = Release|Any CPU
		{0728E52C-6031-42DF-A826-A73ECF94104F}.Release|x86.Build.0 = Release|Any CPU
		{C84B44ED-F4D8-4D93-9921-3ACFB4F8A415}.Debug|Any CPU.ActiveCfg = Debug|Any CPU
		{C84B44ED-F4D8-4D93-9921-3ACFB4F8A415}.Debug|Any CPU.Build.0 = Debug|Any CPU
		{C84B44ED-F4D8-4D93-9921-3ACFB4F8A415}.Debug|x64.ActiveCfg = Debug|Any CPU
		{C84B44ED-F4D8-4D93-9921-3ACFB4F8A415}.Debug|x64.Build.0 = Debug|Any CPU
		{C84B44ED-F4D8-4D93-9921-3ACFB4F8A415}.Debug|x86.ActiveCfg = Debug|Any CPU
		{C84B44ED-F4D8-4D93-9921-3ACFB4F8A415}.Debug|x86.Build.0 = Debug|Any CPU
		{C84B44ED-F4D8-4D93-9921-3ACFB4F8A415}.Release|Any CPU.ActiveCfg = Release|Any CPU
		{C84B44ED-F4D8-4D93-9921-3ACFB4F8A415}.Release|Any CPU.Build.0 = Release|Any CPU
		{C84B44ED-F4D8-4D93-9921-3ACFB4F8A415}.Release|x64.ActiveCfg = Release|Any CPU
		{C84B44ED-F4D8-4D93-9921-3ACFB4F8A415}.Release|x64.Build.0 = Release|Any CPU
		{C84B44ED-F4D8-4D93-9921-3ACFB4F8A415}.Release|x86.ActiveCfg = Release|Any CPU
		{C84B44ED-F4D8-4D93-9921-3ACFB4F8A415}.Release|x86.Build.0 = Release|Any CPU
		{3EBF6236-285C-42D2-9559-1EBAF28C186D}.Debug|Any CPU.ActiveCfg = Debug|Any CPU
		{3EBF6236-285C-42D2-9559-1EBAF28C186D}.Debug|Any CPU.Build.0 = Debug|Any CPU
		{3EBF6236-285C-42D2-9559-1EBAF28C186D}.Debug|x64.ActiveCfg = Debug|Any CPU
		{3EBF6236-285C-42D2-9559-1EBAF28C186D}.Debug|x64.Build.0 = Debug|Any CPU
		{3EBF6236-285C-42D2-9559-1EBAF28C186D}.Debug|x86.ActiveCfg = Debug|Any CPU
		{3EBF6236-285C-42D2-9559-1EBAF28C186D}.Debug|x86.Build.0 = Debug|Any CPU
		{3EBF6236-285C-42D2-9559-1EBAF28C186D}.Release|Any CPU.ActiveCfg = Release|Any CPU
		{3EBF6236-285C-42D2-9559-1EBAF28C186D}.Release|Any CPU.Build.0 = Release|Any CPU
		{3EBF6236-285C-42D2-9559-1EBAF28C186D}.Release|x64.ActiveCfg = Release|Any CPU
		{3EBF6236-285C-42D2-9559-1EBAF28C186D}.Release|x64.Build.0 = Release|Any CPU
		{3EBF6236-285C-42D2-9559-1EBAF28C186D}.Release|x86.ActiveCfg = Release|Any CPU
		{3EBF6236-285C-42D2-9559-1EBAF28C186D}.Release|x86.Build.0 = Release|Any CPU
		{CDCF3740-DB4B-4ACE-9C9B-54A868060CFF}.Debug|Any CPU.ActiveCfg = Debug|Any CPU
		{CDCF3740-DB4B-4ACE-9C9B-54A868060CFF}.Debug|Any CPU.Build.0 = Debug|Any CPU
		{CDCF3740-DB4B-4ACE-9C9B-54A868060CFF}.Debug|x64.ActiveCfg = Debug|Any CPU
		{CDCF3740-DB4B-4ACE-9C9B-54A868060CFF}.Debug|x64.Build.0 = Debug|Any CPU
		{CDCF3740-DB4B-4ACE-9C9B-54A868060CFF}.Debug|x86.ActiveCfg = Debug|Any CPU
		{CDCF3740-DB4B-4ACE-9C9B-54A868060CFF}.Debug|x86.Build.0 = Debug|Any CPU
		{CDCF3740-DB4B-4ACE-9C9B-54A868060CFF}.Release|Any CPU.ActiveCfg = Release|Any CPU
		{CDCF3740-DB4B-4ACE-9C9B-54A868060CFF}.Release|Any CPU.Build.0 = Release|Any CPU
		{CDCF3740-DB4B-4ACE-9C9B-54A868060CFF}.Release|x64.ActiveCfg = Release|Any CPU
		{CDCF3740-DB4B-4ACE-9C9B-54A868060CFF}.Release|x64.Build.0 = Release|Any CPU
		{CDCF3740-DB4B-4ACE-9C9B-54A868060CFF}.Release|x86.ActiveCfg = Release|Any CPU
		{CDCF3740-DB4B-4ACE-9C9B-54A868060CFF}.Release|x86.Build.0 = Release|Any CPU
	EndGlobalSection
	GlobalSection(SolutionProperties) = preSolution
		HideSolutionNode = FALSE
	EndGlobalSection
	GlobalSection(NestedProjects) = preSolution
		{91B23430-E92C-4863-A367-9CB43D439343} = {C718B568-AF90-429D-AEC3-9D5F030CD397}
		{0728E52C-6031-42DF-A826-A73ECF94104F} = {C718B568-AF90-429D-AEC3-9D5F030CD397}
		{C84B44ED-F4D8-4D93-9921-3ACFB4F8A415} = {F356A12B-B90D-4855-81FE-8AF44295B452}
		{3EBF6236-285C-42D2-9559-1EBAF28C186D} = {9F124BF1-941C-4EC7-BF32-DEC7D01CB660}
		{CDCF3740-DB4B-4ACE-9C9B-54A868060CFF} = {9F124BF1-941C-4EC7-BF32-DEC7D01CB660}
	EndGlobalSection
	GlobalSection(ExtensibilityGlobals) = postSolution
		SolutionGuid = {3768469E-B0E3-4195-A7CA-671399460C0A}
	EndGlobalSection
EndGlobal
