
Microsoft Visual Studio Solution File, Format Version 12.00
# Visual Studio Version 17
VisualStudioVersion = 17.1.32228.430
MinimumVisualStudioVersion = 10.0.40219.1
Project("{8BC9CEB8-8B4A-11D0-8D11-00A0C91BC942}") = "openvino_api", "openvino_api\openvino_api.vcxproj", "{5F0AEA19-9C75-45F4-B343-4AA8D88252BA}"
EndProject
Project("{FAE04EC0-301F-11D3-BF4B-00C04F79EFBC}") = "openvinosharp_text", "openvinosharp_text\openvinosharp_text.csproj", "{C65041B0-42F2-4031-B751-C1B2DCE8279D}"
EndProject
Project("{8BC9CEB8-8B4A-11D0-8D11-00A0C91BC942}") = "openvino_text", "openvino_text\openvino_text.vcxproj", "{57743ECD-FC1A-4957-9539-216CF33A4CA7}"
EndProject
Global
	GlobalSection(SolutionConfigurationPlatforms) = preSolution
		Debug|Any CPU = Debug|Any CPU
		Debug|x64 = Debug|x64
		Debug|x86 = Debug|x86
		Release|Any CPU = Release|Any CPU
		Release|x64 = Release|x64
		Release|x86 = Release|x86
	EndGlobalSection
	GlobalSection(ProjectConfigurationPlatforms) = postSolution
		{5F0AEA19-9C75-45F4-B343-4AA8D88252BA}.Debug|Any CPU.ActiveCfg = Debug|x64
		{5F0AEA19-9C75-45F4-B343-4AA8D88252BA}.Debug|Any CPU.Build.0 = Debug|x64
		{5F0AEA19-9C75-45F4-B343-4AA8D88252BA}.Debug|x64.ActiveCfg = Debug|x64
		{5F0AEA19-9C75-45F4-B343-4AA8D88252BA}.Debug|x64.Build.0 = Debug|x64
		{5F0AEA19-9C75-45F4-B343-4AA8D88252BA}.Debug|x86.ActiveCfg = Debug|Win32
		{5F0AEA19-9C75-45F4-B343-4AA8D88252BA}.Debug|x86.Build.0 = Debug|Win32
		{5F0AEA19-9C75-45F4-B343-4AA8D88252BA}.Release|Any CPU.ActiveCfg = Release|x64
		{5F0AEA19-9C75-45F4-B343-4AA8D88252BA}.Release|Any CPU.Build.0 = Release|x64
		{5F0AEA19-9C75-45F4-B343-4AA8D88252BA}.Release|x64.ActiveCfg = Release|x64
		{5F0AEA19-9C75-45F4-B343-4AA8D88252BA}.Release|x64.Build.0 = Release|x64
		{5F0AEA19-9C75-45F4-B343-4AA8D88252BA}.Release|x86.ActiveCfg = Release|Win32
		{5F0AEA19-9C75-45F4-B343-4AA8D88252BA}.Release|x86.Build.0 = Release|Win32
		{C65041B0-42F2-4031-B751-C1B2DCE8279D}.Debug|Any CPU.ActiveCfg = Debug|Any CPU
		{C65041B0-42F2-4031-B751-C1B2DCE8279D}.Debug|Any CPU.Build.0 = Debug|Any CPU
		{C65041B0-42F2-4031-B751-C1B2DCE8279D}.Debug|x64.ActiveCfg = Debug|Any CPU
		{C65041B0-42F2-4031-B751-C1B2DCE8279D}.Debug|x64.Build.0 = Debug|Any CPU
		{C65041B0-42F2-4031-B751-C1B2DCE8279D}.Debug|x86.ActiveCfg = Debug|Any CPU
		{C65041B0-42F2-4031-B751-C1B2DCE8279D}.Debug|x86.Build.0 = Debug|Any CPU
		{C65041B0-42F2-4031-B751-C1B2DCE8279D}.Release|Any CPU.ActiveCfg = Release|Any CPU
		{C65041B0-42F2-4031-B751-C1B2DCE8279D}.Release|Any CPU.Build.0 = Release|Any CPU
		{C65041B0-42F2-4031-B751-C1B2DCE8279D}.Release|x64.ActiveCfg = Release|Any CPU
		{C65041B0-42F2-4031-B751-C1B2DCE8279D}.Release|x64.Build.0 = Release|Any CPU
		{C65041B0-42F2-4031-B751-C1B2DCE8279D}.Release|x86.ActiveCfg = Release|Any CPU
		{C65041B0-42F2-4031-B751-C1B2DCE8279D}.Release|x86.Build.0 = Release|Any CPU
		{57743ECD-FC1A-4957-9539-216CF33A4CA7}.Debug|Any CPU.ActiveCfg = Debug|x64
		{57743ECD-FC1A-4957-9539-216CF33A4CA7}.Debug|Any CPU.Build.0 = Debug|x64
		{57743ECD-FC1A-4957-9539-216CF33A4CA7}.Debug|x64.ActiveCfg = Debug|x64
		{57743ECD-FC1A-4957-9539-216CF33A4CA7}.Debug|x64.Build.0 = Debug|x64
		{57743ECD-FC1A-4957-9539-216CF33A4CA7}.Debug|x86.ActiveCfg = Debug|Win32
		{57743ECD-FC1A-4957-9539-216CF33A4CA7}.Debug|x86.Build.0 = Debug|Win32
		{57743ECD-FC1A-4957-9539-216CF33A4CA7}.Release|Any CPU.ActiveCfg = Release|x64
		{57743ECD-FC1A-4957-9539-216CF33A4CA7}.Release|Any CPU.Build.0 = Release|x64
		{57743ECD-FC1A-4957-9539-216CF33A4CA7}.Release|x64.ActiveCfg = Release|x64
		{57743ECD-FC1A-4957-9539-216CF33A4CA7}.Release|x64.Build.0 = Release|x64
		{57743ECD-FC1A-4957-9539-216CF33A4CA7}.Release|x86.ActiveCfg = Release|Win32
		{57743ECD-FC1A-4957-9539-216CF33A4CA7}.Release|x86.Build.0 = Release|Win32
	EndGlobalSection
	GlobalSection(SolutionProperties) = preSolution
		HideSolutionNode = FALSE
	EndGlobalSection
	GlobalSection(ExtensibilityGlobals) = postSolution
		SolutionGuid = {8B06EC05-57FD-4EDD-A231-4E61239A754D}
	EndGlobalSection
EndGlobal
